
Microsoft Visual Studio Solution File, Format Version 12.00
# Visual Studio 14
VisualStudioVersion = 14.0.25420.1
MinimumVisualStudioVersion = 10.0.40219.1
Project("{FAE04EC0-301F-11D3-BF4B-00C04F79EFBC}") = "testApp", "testApp\testApp.csproj", "{EE78ABC8-7065-477E-9CB0-E9C73390D61B}"
EndProject
Global
	GlobalSection(SolutionConfigurationPlatforms) = preSolution
		Debug|Any CPU = Debug|Any CPU
		Release|Any CPU = Release|Any CPU
	EndGlobalSection
	GlobalSection(ProjectConfigurationPlatforms) = postSolution
		{EE78ABC8-7065-477E-9CB0-E9C73390D61B}.Debug|Any CPU.ActiveCfg = Debug|Any CPU
		{EE78ABC8-7065-477E-9CB0-E9C73390D61B}.Debug|Any CPU.Build.0 = Debug|Any CPU
		{EE78ABC8-7065-477E-9CB0-E9C73390D61B}.Release|Any CPU.ActiveCfg = Release|Any CPU
		{EE78ABC8-7065-477E-9CB0-E9C73390D61B}.Release|Any CPU.Build.0 = Release|Any CPU
	EndGlobalSection
	GlobalSection(SolutionProperties) = preSolution
		HideSolutionNode = FALSE
	EndGlobalSection
EndGlobal
